
Microsoft Visual Studio Solution File, Format Version 12.00
# Visual Studio Version 17
VisualStudioVersion = 17.12.35527.113
MinimumVisualStudioVersion = 10.0.40219.1
Project("{FAE04EC0-301F-11D3-BF4B-00C04F79EFBC}") = "Robinson-Ephi-A1-Console-Program", "Robinson-Ephi-A1-Console-Program.csproj", "{D5E376E0-0FAB-40E2-8E1B-682F281FF0C0}"
EndProject
Project("{FAE04EC0-301F-11D3-BF4B-00C04F79EFBC}") = "Implementation challenge", "..\..\Game10003-a1-game\Implementation challenge\Implementation challenge.csproj", "{D0A19253-61AF-461A-A60D-BD1042BA6F7C}"
EndProject
Global
	GlobalSection(SolutionConfigurationPlatforms) = preSolution
		Debug|Any CPU = Debug|Any CPU
		Release|Any CPU = Release|Any CPU
	EndGlobalSection
	GlobalSection(ProjectConfigurationPlatforms) = postSolution
		{D5E376E0-0FAB-40E2-8E1B-682F281FF0C0}.Debug|Any CPU.ActiveCfg = Debug|Any CPU
		{D5E376E0-0FAB-40E2-8E1B-682F281FF0C0}.Debug|Any CPU.Build.0 = Debug|Any CPU
		{D5E376E0-0FAB-40E2-8E1B-682F281FF0C0}.Release|Any CPU.ActiveCfg = Release|Any CPU
		{D5E376E0-0FAB-40E2-8E1B-682F281FF0C0}.Release|Any CPU.Build.0 = Release|Any CPU
		{D0A19253-61AF-461A-A60D-BD1042BA6F7C}.Debug|Any CPU.ActiveCfg = Debug|Any CPU
		{D0A19253-61AF-461A-A60D-BD1042BA6F7C}.Debug|Any CPU.Build.0 = Debug|Any CPU
		{D0A19253-61AF-461A-A60D-BD1042BA6F7C}.Release|Any CPU.ActiveCfg = Release|Any CPU
		{D0A19253-61AF-461A-A60D-BD1042BA6F7C}.Release|Any CPU.Build.0 = Release|Any CPU
	EndGlobalSection
	GlobalSection(SolutionProperties) = preSolution
		HideSolutionNode = FALSE
	EndGlobalSection
EndGlobal
